# This file was autogenerated by Stack.
# You should not edit this file by hand.
# For more information, please see the documentation at:
#   https://docs.haskellstack.org/en/stable/lock_files

packages:
- completed:
    hackage: AesonBson-0.4.0@sha256:fb368ec6f750d582c0630b2eb0d562d7eecab87da4a099593746298b27184a95,1333
    pantry-tree:
      size: 378
      sha256: c77494ff9ecf48cf4675e4973f8cbcf946e5a4badb023c50ea5a7c788aced7b4
  original:
    hackage: AesonBson-0.4.0@sha256:fb368ec6f750d582c0630b2eb0d562d7eecab87da4a099593746298b27184a95,1333
- completed:
    hackage: bson-generic-0.0.9@sha256:ea6685daa618b2bbe6e189c33e195e812501baf42f53183eedc16f011690895a,817
    pantry-tree:
      size: 220
      sha256: 46d452c35c2c762af25bf4d85b5248a94cbbe5b282bc4b1217d0ab3451011ae9
  original:
    hackage: bson-generic-0.0.9@sha256:ea6685daa618b2bbe6e189c33e195e812501baf42f53183eedc16f011690895a,817
snapshots:
- completed:
    size: 532383
    url: https://raw.githubusercontent.com/commercialhaskell/stackage-snapshots/master/lts/16/10.yaml
    sha256: 469d781ab6d2a4eceed6b31b6e4ec842dcd3cd1d11577972e86902603dce24df
  original: lts-16.10
